
Microsoft Visual Studio Solution File, Format Version 12.00
# Visual Studio Version 16
VisualStudioVersion = 16.0.29102.190
MinimumVisualStudioVersion = 10.0.40219.1
Project("{8BC9CEB8-8B4A-11D0-8D11-00A0C91BC942}") = "Timber", "Timber.vcxproj", "{7D51A5B1-7EEE-4E9F-893D-F2A511D1A2F2}"
EndProject
Global
	GlobalSection(SolutionConfigurationPlatforms) = preSolution
		Debug|x64 = Debug|x64
		Debug|x86 = Debug|x86
		Release|x64 = Release|x64
		Release|x86 = Release|x86
	EndGlobalSection
	GlobalSection(ProjectConfigurationPlatforms) = postSolution
		{7D51A5B1-7EEE-4E9F-893D-F2A511D1A2F2}.Debug|x64.ActiveCfg = Debug|x64
		{7D51A5B1-7EEE-4E9F-893D-F2A511D1A2F2}.Debug|x64.Build.0 = Debug|x64
		{7D51A5B1-7EEE-4E9F-893D-F2A511D1A2F2}.Debug|x86.ActiveCfg = Debug|Win32
		{7D51A5B1-7EEE-4E9F-893D-F2A511D1A2F2}.Debug|x86.Build.0 = Debug|Win32
		{7D51A5B1-7EEE-4E9F-893D-F2A511D1A2F2}.Release|x64.ActiveCfg = Release|x64
		{7D51A5B1-7EEE-4E9F-893D-F2A511D1A2F2}.Release|x64.Build.0 = Release|x64
		{7D51A5B1-7EEE-4E9F-893D-F2A511D1A2F2}.Release|x86.ActiveCfg = Release|Win32
		{7D51A5B1-7EEE-4E9F-893D-F2A511D1A2F2}.Release|x86.Build.0 = Release|Win32
	EndGlobalSection
	GlobalSection(SolutionProperties) = preSolution
		HideSolutionNode = FALSE
	EndGlobalSection
	GlobalSection(ExtensibilityGlobals) = postSolution
		SolutionGuid = {28C838C1-D34C-4623-B251-108586AF9603}
	EndGlobalSection
EndGlobal
